
Microsoft Visual Studio Solution File, Format Version 12.00
# Visual Studio Version 17
VisualStudioVersion = 17.11.35208.52
MinimumVisualStudioVersion = 10.0.40219.1
Project("{FAE04EC0-301F-11D3-BF4B-00C04F79EFBC}") = "04LabEx1", "04LabEx1\04LabEx1.csproj", "{A85DCBD0-A910-4C36-AFC5-B06F8827D5C5}"
EndProject
Global
	GlobalSection(SolutionConfigurationPlatforms) = preSolution
		Debug|Any CPU = Debug|Any CPU
		Release|Any CPU = Release|Any CPU
	EndGlobalSection
	GlobalSection(ProjectConfigurationPlatforms) = postSolution
		{A85DCBD0-A910-4C36-AFC5-B06F8827D5C5}.Debug|Any CPU.ActiveCfg = Debug|Any CPU
		{A85DCBD0-A910-4C36-AFC5-B06F8827D5C5}.Debug|Any CPU.Build.0 = Debug|Any CPU
		{A85DCBD0-A910-4C36-AFC5-B06F8827D5C5}.Release|Any CPU.ActiveCfg = Release|Any CPU
		{A85DCBD0-A910-4C36-AFC5-B06F8827D5C5}.Release|Any CPU.Build.0 = Release|Any CPU
	EndGlobalSection
	GlobalSection(SolutionProperties) = preSolution
		HideSolutionNode = FALSE
	EndGlobalSection
	GlobalSection(ExtensibilityGlobals) = postSolution
		SolutionGuid = {E0375FFF-1D3A-4AFF-A472-ECC056530C7A}
	EndGlobalSection
EndGlobal
